
Microsoft Visual Studio Solution File, Format Version 12.00
# Visual Studio Version 17
VisualStudioVersion = 17.11.35327.3
MinimumVisualStudioVersion = 10.0.40219.1
Project("{FAE04EC0-301F-11D3-BF4B-00C04F79EFBC}") = "Basics", "Basics\Basics.csproj", "{7DCF3B01-13D5-46E1-AFB4-981CE35802FB}"
EndProject
Project("{FAE04EC0-301F-11D3-BF4B-00C04F79EFBC}") = "TestProject", "TestProject\TestProject.csproj", "{962D27B8-A45B-4FCD-B8A6-6D6C78E91BE3}"
EndProject
Project("{FAE04EC0-301F-11D3-BF4B-00C04F79EFBC}") = "QuickProject", "QuickProject\QuickProject.csproj", "{D08D7F83-AF93-4810-84C8-5BB55158245A}"
EndProject
Global
	GlobalSection(SolutionConfigurationPlatforms) = preSolution
		Debug|Any CPU = Debug|Any CPU
		Release|Any CPU = Release|Any CPU
	EndGlobalSection
	GlobalSection(ProjectConfigurationPlatforms) = postSolution
		{7DCF3B01-13D5-46E1-AFB4-981CE35802FB}.Debug|Any CPU.ActiveCfg = Debug|Any CPU
		{7DCF3B01-13D5-46E1-AFB4-981CE35802FB}.Debug|Any CPU.Build.0 = Debug|Any CPU
		{7DCF3B01-13D5-46E1-AFB4-981CE35802FB}.Release|Any CPU.ActiveCfg = Release|Any CPU
		{7DCF3B01-13D5-46E1-AFB4-981CE35802FB}.Release|Any CPU.Build.0 = Release|Any CPU
		{962D27B8-A45B-4FCD-B8A6-6D6C78E91BE3}.Debug|Any CPU.ActiveCfg = Debug|Any CPU
		{962D27B8-A45B-4FCD-B8A6-6D6C78E91BE3}.Debug|Any CPU.Build.0 = Debug|Any CPU
		{962D27B8-A45B-4FCD-B8A6-6D6C78E91BE3}.Release|Any CPU.ActiveCfg = Release|Any CPU
		{962D27B8-A45B-4FCD-B8A6-6D6C78E91BE3}.Release|Any CPU.Build.0 = Release|Any CPU
		{D08D7F83-AF93-4810-84C8-5BB55158245A}.Debug|Any CPU.ActiveCfg = Debug|Any CPU
		{D08D7F83-AF93-4810-84C8-5BB55158245A}.Debug|Any CPU.Build.0 = Debug|Any CPU
		{D08D7F83-AF93-4810-84C8-5BB55158245A}.Release|Any CPU.ActiveCfg = Release|Any CPU
		{D08D7F83-AF93-4810-84C8-5BB55158245A}.Release|Any CPU.Build.0 = Release|Any CPU
	EndGlobalSection
	GlobalSection(SolutionProperties) = preSolution
		HideSolutionNode = FALSE
	EndGlobalSection
	GlobalSection(ExtensibilityGlobals) = postSolution
		SolutionGuid = {F813CA84-24E5-4580-8F11-48F44A1A5A1E}
	EndGlobalSection
EndGlobal
